
Microsoft Visual Studio Solution File, Format Version 12.00
# Visual Studio 15
VisualStudioVersion = 15.0.27110.0
MinimumVisualStudioVersion = 10.0.40219.1
Project("{FAE04EC0-301F-11D3-BF4B-00C04F79EFBC}") = "GardenHelper.Android", "GardenHelper.Android\GardenHelper.Android.csproj", "{F8AE5365-F1E3-45C2-922D-B0CF670A362B}"
EndProject
Project("{FAE04EC0-301F-11D3-BF4B-00C04F79EFBC}") = "GardenHelper.iOS", "GardenHelper.iOS\GardenHelper.iOS.csproj", "{B08F2354-23C3-43DF-9F11-58020FD2D01E}"
EndProject
Project("{FAE04EC0-301F-11D3-BF4B-00C04F79EFBC}") = "GardenHelper.UWP", "GardenHelper.UWP\GardenHelper.UWP.csproj", "{508CDCD3-3BFF-4EC3-90A8-C2991401122D}"
EndProject
Project("{9A19103F-16F7-4668-BE54-9A1E7A4F7556}") = "GardenHelper.ViewModels", "GardenHelper.ViewModels\GardenHelper.ViewModels.csproj", "{02119522-AE44-4C82-BE22-8309C8791453}"
EndProject
Project("{9A19103F-16F7-4668-BE54-9A1E7A4F7556}") = "GardenHelper.Data", "GardenHelper.Data\GardenHelper.Data.csproj", "{6267DBDD-8575-4521-825A-6A3C95C73D4D}"
EndProject
Project("{9A19103F-16F7-4668-BE54-9A1E7A4F7556}") = "GardenHelper.Services.Azure", "GardenHelper.Services.Azure\GardenHelper.Services.Azure.csproj", "{5F07BC36-FC78-4B16-AAB6-53C216B4B7B5}"
EndProject
Project("{FAE04EC0-301F-11D3-BF4B-00C04F79EFBC}") = "GardenHelper.UITests", "GardenHelper.UITests\GardenHelper.UITests.csproj", "{DBA5AA8B-908F-47D1-8A91-869CAD4884D3}"
EndProject
Project("{D954291E-2A0B-460D-934E-DC6B0785DB48}") = "GardenHelper", "GardenHelper\GardenHelper.shproj", "{DBE52FA4-2EAF-4187-B14C-0E69AC442A5C}"
EndProject
Project("{9A19103F-16F7-4668-BE54-9A1E7A4F7556}") = "GardenHelper.Services.Mocks", "GardenHelper.Services.Mocks\GardenHelper.Services.Mocks.csproj", "{8E3F054A-0091-47F7-B871-E1A1897D7769}"
EndProject
Global
	GlobalSection(SharedMSBuildProjectFiles) = preSolution
		GardenHelper\GardenHelper.projitems*{508cdcd3-3bff-4ec3-90a8-c2991401122d}*SharedItemsImports = 4
		GardenHelper\GardenHelper.projitems*{b08f2354-23c3-43df-9f11-58020fd2d01e}*SharedItemsImports = 4
		GardenHelper\GardenHelper.projitems*{dbe52fa4-2eaf-4187-b14c-0e69ac442a5c}*SharedItemsImports = 13
		GardenHelper\GardenHelper.projitems*{f8ae5365-f1e3-45c2-922d-b0cf670a362b}*SharedItemsImports = 4
	EndGlobalSection
	GlobalSection(SolutionConfigurationPlatforms) = preSolution
		Ad-Hoc|Any CPU = Ad-Hoc|Any CPU
		Ad-Hoc|ARM = Ad-Hoc|ARM
		Ad-Hoc|iPhone = Ad-Hoc|iPhone
		Ad-Hoc|iPhoneSimulator = Ad-Hoc|iPhoneSimulator
		Ad-Hoc|x64 = Ad-Hoc|x64
		Ad-Hoc|x86 = Ad-Hoc|x86
		AppStore|Any CPU = AppStore|Any CPU
		AppStore|ARM = AppStore|ARM
		AppStore|iPhone = AppStore|iPhone
		AppStore|iPhoneSimulator = AppStore|iPhoneSimulator
		AppStore|x64 = AppStore|x64
		AppStore|x86 = AppStore|x86
		Debug|Any CPU = Debug|Any CPU
		Debug|ARM = Debug|ARM
		Debug|iPhone = Debug|iPhone
		Debug|iPhoneSimulator = Debug|iPhoneSimulator
		Debug|x64 = Debug|x64
		Debug|x86 = Debug|x86
		Release|Any CPU = Release|Any CPU
		Release|ARM = Release|ARM
		Release|iPhone = Release|iPhone
		Release|iPhoneSimulator = Release|iPhoneSimulator
		Release|x64 = Release|x64
		Release|x86 = Release|x86
	EndGlobalSection
	GlobalSection(ProjectConfigurationPlatforms) = postSolution
		{F8AE5365-F1E3-45C2-922D-B0CF670A362B}.Ad-Hoc|Any CPU.ActiveCfg = Release|Any CPU
		{F8AE5365-F1E3-45C2-922D-B0CF670A362B}.Ad-Hoc|Any CPU.Build.0 = Release|Any CPU
		{F8AE5365-F1E3-45C2-922D-B0CF670A362B}.Ad-Hoc|Any CPU.Deploy.0 = Release|Any CPU
		{F8AE5365-F1E3-45C2-922D-B0CF670A362B}.Ad-Hoc|ARM.ActiveCfg = Release|Any CPU
		{F8AE5365-F1E3-45C2-922D-B0CF670A362B}.Ad-Hoc|ARM.Build.0 = Release|Any CPU
		{F8AE5365-F1E3-45C2-922D-B0CF670A362B}.Ad-Hoc|ARM.Deploy.0 = Release|Any CPU
		{F8AE5365-F1E3-45C2-922D-B0CF670A362B}.Ad-Hoc|iPhone.ActiveCfg = Release|Any CPU
		{F8AE5365-F1E3-45C2-922D-B0CF670A362B}.Ad-Hoc|iPhone.Build.0 = Release|Any CPU
		{F8AE5365-F1E3-45C2-922D-B0CF670A362B}.Ad-Hoc|iPhone.Deploy.0 = Release|Any CPU
		{F8AE5365-F1E3-45C2-922D-B0CF670A362B}.Ad-Hoc|iPhoneSimulator.ActiveCfg = Release|Any CPU
		{F8AE5365-F1E3-45C2-922D-B0CF670A362B}.Ad-Hoc|iPhoneSimulator.Build.0 = Release|Any CPU
		{F8AE5365-F1E3-45C2-922D-B0CF670A362B}.Ad-Hoc|iPhoneSimulator.Deploy.0 = Release|Any CPU
		{F8AE5365-F1E3-45C2-922D-B0CF670A362B}.Ad-Hoc|x64.ActiveCfg = Release|Any CPU
		{F8AE5365-F1E3-45C2-922D-B0CF670A362B}.Ad-Hoc|x64.Build.0 = Release|Any CPU
		{F8AE5365-F1E3-45C2-922D-B0CF670A362B}.Ad-Hoc|x64.Deploy.0 = Release|Any CPU
		{F8AE5365-F1E3-45C2-922D-B0CF670A362B}.Ad-Hoc|x86.ActiveCfg = Release|Any CPU
		{F8AE5365-F1E3-45C2-922D-B0CF670A362B}.Ad-Hoc|x86.Build.0 = Release|Any CPU
		{F8AE5365-F1E3-45C2-922D-B0CF670A362B}.Ad-Hoc|x86.Deploy.0 = Release|Any CPU
		{F8AE5365-F1E3-45C2-922D-B0CF670A362B}.AppStore|Any CPU.ActiveCfg = Release|Any CPU
		{F8AE5365-F1E3-45C2-922D-B0CF670A362B}.AppStore|Any CPU.Build.0 = Release|Any CPU
		{F8AE5365-F1E3-45C2-922D-B0CF670A362B}.AppStore|Any CPU.Deploy.0 = Release|Any CPU
		{F8AE5365-F1E3-45C2-922D-B0CF670A362B}.AppStore|ARM.ActiveCfg = Release|Any CPU
		{F8AE5365-F1E3-45C2-922D-B0CF670A362B}.AppStore|ARM.Build.0 = Release|Any CPU
		{F8AE5365-F1E3-45C2-922D-B0CF670A362B}.AppStore|ARM.Deploy.0 = Release|Any CPU
		{F8AE5365-F1E3-45C2-922D-B0CF670A362B}.AppStore|iPhone.ActiveCfg = Release|Any CPU
		{F8AE5365-F1E3-45C2-922D-B0CF670A362B}.AppStore|iPhone.Build.0 = Release|Any CPU
		{F8AE5365-F1E3-45C2-922D-B0CF670A362B}.AppStore|iPhone.Deploy.0 = Release|Any CPU
		{F8AE5365-F1E3-45C2-922D-B0CF670A362B}.AppStore|iPhoneSimulator.ActiveCfg = Release|Any CPU
		{F8AE5365-F1E3-45C2-922D-B0CF670A362B}.AppStore|iPhoneSimulator.Build.0 = Release|Any CPU
		{F8AE5365-F1E3-45C2-922D-B0CF670A362B}.AppStore|iPhoneSimulator.Deploy.0 = Release|Any CPU
		{F8AE5365-F1E3-45C2-922D-B0CF670A362B}.AppStore|x64.ActiveCfg = Release|Any CPU
		{F8AE5365-F1E3-45C2-922D-B0CF670A362B}.AppStore|x64.Build.0 = Release|Any CPU
		{F8AE5365-F1E3-45C2-922D-B0CF670A362B}.AppStore|x64.Deploy.0 = Release|Any CPU
		{F8AE5365-F1E3-45C2-922D-B0CF670A362B}.AppStore|x86.ActiveCfg = Release|Any CPU
		{F8AE5365-F1E3-45C2-922D-B0CF670A362B}.AppStore|x86.Build.0 = Release|Any CPU
		{F8AE5365-F1E3-45C2-922D-B0CF670A362B}.AppStore|x86.Deploy.0 = Release|Any CPU
		{F8AE5365-F1E3-45C2-922D-B0CF670A362B}.Debug|Any CPU.ActiveCfg = Debug|Any CPU
		{F8AE5365-F1E3-45C2-922D-B0CF670A362B}.Debug|Any CPU.Build.0 = Debug|Any CPU
		{F8AE5365-F1E3-45C2-922D-B0CF670A362B}.Debug|Any CPU.Deploy.0 = Debug|Any CPU
		{F8AE5365-F1E3-45C2-922D-B0CF670A362B}.Debug|ARM.ActiveCfg = Debug|Any CPU
		{F8AE5365-F1E3-45C2-922D-B0CF670A362B}.Debug|ARM.Build.0 = Debug|Any CPU
		{F8AE5365-F1E3-45C2-922D-B0CF670A362B}.Debug|ARM.Deploy.0 = Debug|Any CPU
		{F8AE5365-F1E3-45C2-922D-B0CF670A362B}.Debug|iPhone.ActiveCfg = Debug|Any CPU
		{F8AE5365-F1E3-45C2-922D-B0CF670A362B}.Debug|iPhone.Build.0 = Debug|Any CPU
		{F8AE5365-F1E3-45C2-922D-B0CF670A362B}.Debug|iPhone.Deploy.0 = Debug|Any CPU
		{F8AE5365-F1E3-45C2-922D-B0CF670A362B}.Debug|iPhoneSimulator.ActiveCfg = Debug|Any CPU
		{F8AE5365-F1E3-45C2-922D-B0CF670A362B}.Debug|iPhoneSimulator.Build.0 = Debug|Any CPU
		{F8AE5365-F1E3-45C2-922D-B0CF670A362B}.Debug|iPhoneSimulator.Deploy.0 = Debug|Any CPU
		{F8AE5365-F1E3-45C2-922D-B0CF670A362B}.Debug|x64.ActiveCfg = Debug|Any CPU
		{F8AE5365-F1E3-45C2-922D-B0CF670A362B}.Debug|x64.Build.0 = Debug|Any CPU
		{F8AE5365-F1E3-45C2-922D-B0CF670A362B}.Debug|x64.Deploy.0 = Debug|Any CPU
		{F8AE5365-F1E3-45C2-922D-B0CF670A362B}.Debug|x86.ActiveCfg = Debug|Any CPU
		{F8AE5365-F1E3-45C2-922D-B0CF670A362B}.Debug|x86.Build.0 = Debug|Any CPU
		{F8AE5365-F1E3-45C2-922D-B0CF670A362B}.Debug|x86.Deploy.0 = Debug|Any CPU
		{F8AE5365-F1E3-45C2-922D-B0CF670A362B}.Release|Any CPU.ActiveCfg = Release|Any CPU
		{F8AE5365-F1E3-45C2-922D-B0CF670A362B}.Release|Any CPU.Build.0 = Release|Any CPU
		{F8AE5365-F1E3-45C2-922D-B0CF670A362B}.Release|Any CPU.Deploy.0 = Release|Any CPU
		{F8AE5365-F1E3-45C2-922D-B0CF670A362B}.Release|ARM.ActiveCfg = Release|Any CPU
		{F8AE5365-F1E3-45C2-922D-B0CF670A362B}.Release|ARM.Build.0 = Release|Any CPU
		{F8AE5365-F1E3-45C2-922D-B0CF670A362B}.Release|ARM.Deploy.0 = Release|Any CPU
		{F8AE5365-F1E3-45C2-922D-B0CF670A362B}.Release|iPhone.ActiveCfg = Release|Any CPU
		{F8AE5365-F1E3-45C2-922D-B0CF670A362B}.Release|iPhone.Build.0 = Release|Any CPU
		{F8AE5365-F1E3-45C2-922D-B0CF670A362B}.Release|iPhone.Deploy.0 = Release|Any CPU
		{F8AE5365-F1E3-45C2-922D-B0CF670A362B}.Release|iPhoneSimulator.ActiveCfg = Release|Any CPU
		{F8AE5365-F1E3-45C2-922D-B0CF670A362B}.Release|iPhoneSimulator.Build.0 = Release|Any CPU
		{F8AE5365-F1E3-45C2-922D-B0CF670A362B}.Release|iPhoneSimulator.Deploy.0 = Release|Any CPU
		{F8AE5365-F1E3-45C2-922D-B0CF670A362B}.Release|x64.ActiveCfg = Release|Any CPU
		{F8AE5365-F1E3-45C2-922D-B0CF670A362B}.Release|x64.Build.0 = Release|Any CPU
		{F8AE5365-F1E3-45C2-922D-B0CF670A362B}.Release|x64.Deploy.0 = Release|Any CPU
		{F8AE5365-F1E3-45C2-922D-B0CF670A362B}.Release|x86.ActiveCfg = Release|Any CPU
		{F8AE5365-F1E3-45C2-922D-B0CF670A362B}.Release|x86.Build.0 = Release|Any CPU
		{F8AE5365-F1E3-45C2-922D-B0CF670A362B}.Release|x86.Deploy.0 = Release|Any CPU
		{B08F2354-23C3-43DF-9F11-58020FD2D01E}.Ad-Hoc|Any CPU.ActiveCfg = Ad-Hoc|iPhone
		{B08F2354-23C3-43DF-9F11-58020FD2D01E}.Ad-Hoc|ARM.ActiveCfg = Ad-Hoc|iPhone
		{B08F2354-23C3-43DF-9F11-58020FD2D01E}.Ad-Hoc|iPhone.ActiveCfg = Ad-Hoc|iPhone
		{B08F2354-23C3-43DF-9F11-58020FD2D01E}.Ad-Hoc|iPhone.Build.0 = Ad-Hoc|iPhone
		{B08F2354-23C3-43DF-9F11-58020FD2D01E}.Ad-Hoc|iPhoneSimulator.ActiveCfg = Ad-Hoc|iPhoneSimulator
		{B08F2354-23C3-43DF-9F11-58020FD2D01E}.Ad-Hoc|iPhoneSimulator.Build.0 = Ad-Hoc|iPhoneSimulator
		{B08F2354-23C3-43DF-9F11-58020FD2D01E}.Ad-Hoc|x64.ActiveCfg = Ad-Hoc|iPhone
		{B08F2354-23C3-43DF-9F11-58020FD2D01E}.Ad-Hoc|x86.ActiveCfg = Ad-Hoc|iPhone
		{B08F2354-23C3-43DF-9F11-58020FD2D01E}.AppStore|Any CPU.ActiveCfg = AppStore|iPhone
		{B08F2354-23C3-43DF-9F11-58020FD2D01E}.AppStore|ARM.ActiveCfg = AppStore|iPhone
		{B08F2354-23C3-43DF-9F11-58020FD2D01E}.AppStore|iPhone.ActiveCfg = AppStore|iPhone
		{B08F2354-23C3-43DF-9F11-58020FD2D01E}.AppStore|iPhone.Build.0 = AppStore|iPhone
		{B08F2354-23C3-43DF-9F11-58020FD2D01E}.AppStore|iPhoneSimulator.ActiveCfg = AppStore|iPhoneSimulator
		{B08F2354-23C3-43DF-9F11-58020FD2D01E}.AppStore|iPhoneSimulator.Build.0 = AppStore|iPhoneSimulator
		{B08F2354-23C3-43DF-9F11-58020FD2D01E}.AppStore|x64.ActiveCfg = AppStore|iPhone
		{B08F2354-23C3-43DF-9F11-58020FD2D01E}.AppStore|x86.ActiveCfg = AppStore|iPhone
		{B08F2354-23C3-43DF-9F11-58020FD2D01E}.Debug|Any CPU.ActiveCfg = Debug|iPhone
		{B08F2354-23C3-43DF-9F11-58020FD2D01E}.Debug|ARM.ActiveCfg = Debug|iPhone
		{B08F2354-23C3-43DF-9F11-58020FD2D01E}.Debug|iPhone.ActiveCfg = Debug|iPhone
		{B08F2354-23C3-43DF-9F11-58020FD2D01E}.Debug|iPhone.Build.0 = Debug|iPhone
		{B08F2354-23C3-43DF-9F11-58020FD2D01E}.Debug|iPhoneSimulator.ActiveCfg = Debug|iPhoneSimulator
		{B08F2354-23C3-43DF-9F11-58020FD2D01E}.Debug|iPhoneSimulator.Build.0 = Debug|iPhoneSimulator
		{B08F2354-23C3-43DF-9F11-58020FD2D01E}.Debug|x64.ActiveCfg = Debug|iPhone
		{B08F2354-23C3-43DF-9F11-58020FD2D01E}.Debug|x86.ActiveCfg = Debug|iPhone
		{B08F2354-23C3-43DF-9F11-58020FD2D01E}.Release|Any CPU.ActiveCfg = Release|iPhone
		{B08F2354-23C3-43DF-9F11-58020FD2D01E}.Release|ARM.ActiveCfg = Release|iPhone
		{B08F2354-23C3-43DF-9F11-58020FD2D01E}.Release|iPhone.ActiveCfg = Release|iPhone
		{B08F2354-23C3-43DF-9F11-58020FD2D01E}.Release|iPhone.Build.0 = Release|iPhone
		{B08F2354-23C3-43DF-9F11-58020FD2D01E}.Release|iPhoneSimulator.ActiveCfg = Release|iPhoneSimulator
		{B08F2354-23C3-43DF-9F11-58020FD2D01E}.Release|iPhoneSimulator.Build.0 = Release|iPhoneSimulator
		{B08F2354-23C3-43DF-9F11-58020FD2D01E}.Release|x64.ActiveCfg = Release|iPhone
		{B08F2354-23C3-43DF-9F11-58020FD2D01E}.Release|x86.ActiveCfg = Release|iPhone
		{508CDCD3-3BFF-4EC3-90A8-C2991401122D}.Ad-Hoc|Any CPU.ActiveCfg = Release|x86
		{508CDCD3-3BFF-4EC3-90A8-C2991401122D}.Ad-Hoc|Any CPU.Build.0 = Release|x86
		{508CDCD3-3BFF-4EC3-90A8-C2991401122D}.Ad-Hoc|Any CPU.Deploy.0 = Release|x86
		{508CDCD3-3BFF-4EC3-90A8-C2991401122D}.Ad-Hoc|ARM.ActiveCfg = Release|ARM
		{508CDCD3-3BFF-4EC3-90A8-C2991401122D}.Ad-Hoc|ARM.Build.0 = Release|ARM
		{508CDCD3-3BFF-4EC3-90A8-C2991401122D}.Ad-Hoc|ARM.Deploy.0 = Release|ARM
		{508CDCD3-3BFF-4EC3-90A8-C2991401122D}.Ad-Hoc|iPhone.ActiveCfg = Release|x86
		{508CDCD3-3BFF-4EC3-90A8-C2991401122D}.Ad-Hoc|iPhone.Build.0 = Release|x86
		{508CDCD3-3BFF-4EC3-90A8-C2991401122D}.Ad-Hoc|iPhone.Deploy.0 = Release|x86
		{508CDCD3-3BFF-4EC3-90A8-C2991401122D}.Ad-Hoc|iPhoneSimulator.ActiveCfg = Release|x86
		{508CDCD3-3BFF-4EC3-90A8-C2991401122D}.Ad-Hoc|iPhoneSimulator.Build.0 = Release|x86
		{508CDCD3-3BFF-4EC3-90A8-C2991401122D}.Ad-Hoc|iPhoneSimulator.Deploy.0 = Release|x86
		{508CDCD3-3BFF-4EC3-90A8-C2991401122D}.Ad-Hoc|x64.ActiveCfg = Release|x64
		{508CDCD3-3BFF-4EC3-90A8-C2991401122D}.Ad-Hoc|x64.Build.0 = Release|x64
		{508CDCD3-3BFF-4EC3-90A8-C2991401122D}.Ad-Hoc|x64.Deploy.0 = Release|x64
		{508CDCD3-3BFF-4EC3-90A8-C2991401122D}.Ad-Hoc|x86.ActiveCfg = Release|x86
		{508CDCD3-3BFF-4EC3-90A8-C2991401122D}.Ad-Hoc|x86.Build.0 = Release|x86
		{508CDCD3-3BFF-4EC3-90A8-C2991401122D}.Ad-Hoc|x86.Deploy.0 = Release|x86
		{508CDCD3-3BFF-4EC3-90A8-C2991401122D}.AppStore|Any CPU.ActiveCfg = Release|x86
		{508CDCD3-3BFF-4EC3-90A8-C2991401122D}.AppStore|Any CPU.Build.0 = Release|x86
		{508CDCD3-3BFF-4EC3-90A8-C2991401122D}.AppStore|Any CPU.Deploy.0 = Release|x86
		{508CDCD3-3BFF-4EC3-90A8-C2991401122D}.AppStore|ARM.ActiveCfg = Release|ARM
		{508CDCD3-3BFF-4EC3-90A8-C2991401122D}.AppStore|ARM.Build.0 = Release|ARM
		{508CDCD3-3BFF-4EC3-90A8-C2991401122D}.AppStore|ARM.Deploy.0 = Release|ARM
		{508CDCD3-3BFF-4EC3-90A8-C2991401122D}.AppStore|iPhone.ActiveCfg = Release|x86
		{508CDCD3-3BFF-4EC3-90A8-C2991401122D}.AppStore|iPhone.Build.0 = Release|x86
		{508CDCD3-3BFF-4EC3-90A8-C2991401122D}.AppStore|iPhone.Deploy.0 = Release|x86
		{508CDCD3-3BFF-4EC3-90A8-C2991401122D}.AppStore|iPhoneSimulator.ActiveCfg = Release|x86
		{508CDCD3-3BFF-4EC3-90A8-C2991401122D}.AppStore|iPhoneSimulator.Build.0 = Release|x86
		{508CDCD3-3BFF-4EC3-90A8-C2991401122D}.AppStore|iPhoneSimulator.Deploy.0 = Release|x86
		{508CDCD3-3BFF-4EC3-90A8-C2991401122D}.AppStore|x64.ActiveCfg = Release|x64
		{508CDCD3-3BFF-4EC3-90A8-C2991401122D}.AppStore|x64.Build.0 = Release|x64
		{508CDCD3-3BFF-4EC3-90A8-C2991401122D}.AppStore|x64.Deploy.0 = Release|x64
		{508CDCD3-3BFF-4EC3-90A8-C2991401122D}.AppStore|x86.ActiveCfg = Release|x86
		{508CDCD3-3BFF-4EC3-90A8-C2991401122D}.AppStore|x86.Build.0 = Release|x86
		{508CDCD3-3BFF-4EC3-90A8-C2991401122D}.AppStore|x86.Deploy.0 = Release|x86
		{508CDCD3-3BFF-4EC3-90A8-C2991401122D}.Debug|Any CPU.ActiveCfg = Debug|x86
		{508CDCD3-3BFF-4EC3-90A8-C2991401122D}.Debug|ARM.ActiveCfg = Debug|ARM
		{508CDCD3-3BFF-4EC3-90A8-C2991401122D}.Debug|ARM.Build.0 = Debug|ARM
		{508CDCD3-3BFF-4EC3-90A8-C2991401122D}.Debug|ARM.Deploy.0 = Debug|ARM
		{508CDCD3-3BFF-4EC3-90A8-C2991401122D}.Debug|iPhone.ActiveCfg = Debug|x86
		{508CDCD3-3BFF-4EC3-90A8-C2991401122D}.Debug|iPhoneSimulator.ActiveCfg = Debug|x86
		{508CDCD3-3BFF-4EC3-90A8-C2991401122D}.Debug|x64.ActiveCfg = Debug|x64
		{508CDCD3-3BFF-4EC3-90A8-C2991401122D}.Debug|x64.Build.0 = Debug|x64
		{508CDCD3-3BFF-4EC3-90A8-C2991401122D}.Debug|x64.Deploy.0 = Debug|x64
		{508CDCD3-3BFF-4EC3-90A8-C2991401122D}.Debug|x86.ActiveCfg = Debug|x86
		{508CDCD3-3BFF-4EC3-90A8-C2991401122D}.Debug|x86.Build.0 = Debug|x86
		{508CDCD3-3BFF-4EC3-90A8-C2991401122D}.Debug|x86.Deploy.0 = Debug|x86
		{508CDCD3-3BFF-4EC3-90A8-C2991401122D}.Release|Any CPU.ActiveCfg = Release|x86
		{508CDCD3-3BFF-4EC3-90A8-C2991401122D}.Release|ARM.ActiveCfg = Release|ARM
		{508CDCD3-3BFF-4EC3-90A8-C2991401122D}.Release|ARM.Build.0 = Release|ARM
		{508CDCD3-3BFF-4EC3-90A8-C2991401122D}.Release|ARM.Deploy.0 = Release|ARM
		{508CDCD3-3BFF-4EC3-90A8-C2991401122D}.Release|iPhone.ActiveCfg = Release|x86
		{508CDCD3-3BFF-4EC3-90A8-C2991401122D}.Release|iPhoneSimulator.ActiveCfg = Release|x86
		{508CDCD3-3BFF-4EC3-90A8-C2991401122D}.Release|x64.ActiveCfg = Release|x64
		{508CDCD3-3BFF-4EC3-90A8-C2991401122D}.Release|x64.Build.0 = Release|x64
		{508CDCD3-3BFF-4EC3-90A8-C2991401122D}.Release|x64.Deploy.0 = Release|x64
		{508CDCD3-3BFF-4EC3-90A8-C2991401122D}.Release|x86.ActiveCfg = Release|x86
		{508CDCD3-3BFF-4EC3-90A8-C2991401122D}.Release|x86.Build.0 = Release|x86
		{508CDCD3-3BFF-4EC3-90A8-C2991401122D}.Release|x86.Deploy.0 = Release|x86
		{02119522-AE44-4C82-BE22-8309C8791453}.Ad-Hoc|Any CPU.ActiveCfg = Debug|Any CPU
		{02119522-AE44-4C82-BE22-8309C8791453}.Ad-Hoc|Any CPU.Build.0 = Debug|Any CPU
		{02119522-AE44-4C82-BE22-8309C8791453}.Ad-Hoc|ARM.ActiveCfg = Debug|Any CPU
		{02119522-AE44-4C82-BE22-8309C8791453}.Ad-Hoc|ARM.Build.0 = Debug|Any CPU
		{02119522-AE44-4C82-BE22-8309C8791453}.Ad-Hoc|iPhone.ActiveCfg = Debug|Any CPU
		{02119522-AE44-4C82-BE22-8309C8791453}.Ad-Hoc|iPhone.Build.0 = Debug|Any CPU
		{02119522-AE44-4C82-BE22-8309C8791453}.Ad-Hoc|iPhoneSimulator.ActiveCfg = Debug|Any CPU
		{02119522-AE44-4C82-BE22-8309C8791453}.Ad-Hoc|iPhoneSimulator.Build.0 = Debug|Any CPU
		{02119522-AE44-4C82-BE22-8309C8791453}.Ad-Hoc|x64.ActiveCfg = Debug|Any CPU
		{02119522-AE44-4C82-BE22-8309C8791453}.Ad-Hoc|x64.Build.0 = Debug|Any CPU
		{02119522-AE44-4C82-BE22-8309C8791453}.Ad-Hoc|x86.ActiveCfg = Debug|Any CPU
		{02119522-AE44-4C82-BE22-8309C8791453}.Ad-Hoc|x86.Build.0 = Debug|Any CPU
		{02119522-AE44-4C82-BE22-8309C8791453}.AppStore|Any CPU.ActiveCfg = Debug|Any CPU
		{02119522-AE44-4C82-BE22-8309C8791453}.AppStore|Any CPU.Build.0 = Debug|Any CPU
		{02119522-AE44-4C82-BE22-8309C8791453}.AppStore|ARM.ActiveCfg = Debug|Any CPU
		{02119522-AE44-4C82-BE22-8309C8791453}.AppStore|ARM.Build.0 = Debug|Any CPU
		{02119522-AE44-4C82-BE22-8309C8791453}.AppStore|iPhone.ActiveCfg = Debug|Any CPU
		{02119522-AE44-4C82-BE22-8309C8791453}.AppStore|iPhone.Build.0 = Debug|Any CPU
		{02119522-AE44-4C82-BE22-8309C8791453}.AppStore|iPhoneSimulator.ActiveCfg = Debug|Any CPU
		{02119522-AE44-4C82-BE22-8309C8791453}.AppStore|iPhoneSimulator.Build.0 = Debug|Any CPU
		{02119522-AE44-4C82-BE22-8309C8791453}.AppStore|x64.ActiveCfg = Debug|Any CPU
		{02119522-AE44-4C82-BE22-8309C8791453}.AppStore|x64.Build.0 = Debug|Any CPU
		{02119522-AE44-4C82-BE22-8309C8791453}.AppStore|x86.ActiveCfg = Debug|Any CPU
		{02119522-AE44-4C82-BE22-8309C8791453}.AppStore|x86.Build.0 = Debug|Any CPU
		{02119522-AE44-4C82-BE22-8309C8791453}.Debug|Any CPU.ActiveCfg = Debug|Any CPU
		{02119522-AE44-4C82-BE22-8309C8791453}.Debug|Any CPU.Build.0 = Debug|Any CPU
		{02119522-AE44-4C82-BE22-8309C8791453}.Debug|ARM.ActiveCfg = Debug|Any CPU
		{02119522-AE44-4C82-BE22-8309C8791453}.Debug|ARM.Build.0 = Debug|Any CPU
		{02119522-AE44-4C82-BE22-8309C8791453}.Debug|iPhone.ActiveCfg = Debug|Any CPU
		{02119522-AE44-4C82-BE22-8309C8791453}.Debug|iPhone.Build.0 = Debug|Any CPU
		{02119522-AE44-4C82-BE22-8309C8791453}.Debug|iPhoneSimulator.ActiveCfg = Debug|Any CPU
		{02119522-AE44-4C82-BE22-8309C8791453}.Debug|iPhoneSimulator.Build.0 = Debug|Any CPU
		{02119522-AE44-4C82-BE22-8309C8791453}.Debug|x64.ActiveCfg = Debug|Any CPU
		{02119522-AE44-4C82-BE22-8309C8791453}.Debug|x64.Build.0 = Debug|Any CPU
		{02119522-AE44-4C82-BE22-8309C8791453}.Debug|x86.ActiveCfg = Debug|Any CPU
		{02119522-AE44-4C82-BE22-8309C8791453}.Debug|x86.Build.0 = Debug|Any CPU
		{02119522-AE44-4C82-BE22-8309C8791453}.Release|Any CPU.ActiveCfg = Release|Any CPU
		{02119522-AE44-4C82-BE22-8309C8791453}.Release|Any CPU.Build.0 = Release|Any CPU
		{02119522-AE44-4C82-BE22-8309C8791453}.Release|ARM.ActiveCfg = Release|Any CPU
		{02119522-AE44-4C82-BE22-8309C8791453}.Release|ARM.Build.0 = Release|Any CPU
		{02119522-AE44-4C82-BE22-8309C8791453}.Release|iPhone.ActiveCfg = Release|Any CPU
		{02119522-AE44-4C82-BE22-8309C8791453}.Release|iPhone.Build.0 = Release|Any CPU
		{02119522-AE44-4C82-BE22-8309C8791453}.Release|iPhoneSimulator.ActiveCfg = Release|Any CPU
		{02119522-AE44-4C82-BE22-8309C8791453}.Release|iPhoneSimulator.Build.0 = Release|Any CPU
		{02119522-AE44-4C82-BE22-8309C8791453}.Release|x64.ActiveCfg = Release|Any CPU
		{02119522-AE44-4C82-BE22-8309C8791453}.Release|x64.Build.0 = Release|Any CPU
		{02119522-AE44-4C82-BE22-8309C8791453}.Release|x86.ActiveCfg = Release|Any CPU
		{02119522-AE44-4C82-BE22-8309C8791453}.Release|x86.Build.0 = Release|Any CPU
		{6267DBDD-8575-4521-825A-6A3C95C73D4D}.Ad-Hoc|Any CPU.ActiveCfg = Debug|Any CPU
		{6267DBDD-8575-4521-825A-6A3C95C73D4D}.Ad-Hoc|Any CPU.Build.0 = Debug|Any CPU
		{6267DBDD-8575-4521-825A-6A3C95C73D4D}.Ad-Hoc|ARM.ActiveCfg = Debug|Any CPU
		{6267DBDD-8575-4521-825A-6A3C95C73D4D}.Ad-Hoc|ARM.Build.0 = Debug|Any CPU
		{6267DBDD-8575-4521-825A-6A3C95C73D4D}.Ad-Hoc|iPhone.ActiveCfg = Debug|Any CPU
		{6267DBDD-8575-4521-825A-6A3C95C73D4D}.Ad-Hoc|iPhone.Build.0 = Debug|Any CPU
		{6267DBDD-8575-4521-825A-6A3C95C73D4D}.Ad-Hoc|iPhoneSimulator.ActiveCfg = Debug|Any CPU
		{6267DBDD-8575-4521-825A-6A3C95C73D4D}.Ad-Hoc|iPhoneSimulator.Build.0 = Debug|Any CPU
		{6267DBDD-8575-4521-825A-6A3C95C73D4D}.Ad-Hoc|x64.ActiveCfg = Debug|Any CPU
		{6267DBDD-8575-4521-825A-6A3C95C73D4D}.Ad-Hoc|x64.Build.0 = Debug|Any CPU
		{6267DBDD-8575-4521-825A-6A3C95C73D4D}.Ad-Hoc|x86.ActiveCfg = Debug|Any CPU
		{6267DBDD-8575-4521-825A-6A3C95C73D4D}.Ad-Hoc|x86.Build.0 = Debug|Any CPU
		{6267DBDD-8575-4521-825A-6A3C95C73D4D}.AppStore|Any CPU.ActiveCfg = Debug|Any CPU
		{6267DBDD-8575-4521-825A-6A3C95C73D4D}.AppStore|Any CPU.Build.0 = Debug|Any CPU
		{6267DBDD-8575-4521-825A-6A3C95C73D4D}.AppStore|ARM.ActiveCfg = Debug|Any CPU
		{6267DBDD-8575-4521-825A-6A3C95C73D4D}.AppStore|ARM.Build.0 = Debug|Any CPU
		{6267DBDD-8575-4521-825A-6A3C95C73D4D}.AppStore|iPhone.ActiveCfg = Debug|Any CPU
		{6267DBDD-8575-4521-825A-6A3C95C73D4D}.AppStore|iPhone.Build.0 = Debug|Any CPU
		{6267DBDD-8575-4521-825A-6A3C95C73D4D}.AppStore|iPhoneSimulator.ActiveCfg = Debug|Any CPU
		{6267DBDD-8575-4521-825A-6A3C95C73D4D}.AppStore|iPhoneSimulator.Build.0 = Debug|Any CPU
		{6267DBDD-8575-4521-825A-6A3C95C73D4D}.AppStore|x64.ActiveCfg = Debug|Any CPU
		{6267DBDD-8575-4521-825A-6A3C95C73D4D}.AppStore|x64.Build.0 = Debug|Any CPU
		{6267DBDD-8575-4521-825A-6A3C95C73D4D}.AppStore|x86.ActiveCfg = Debug|Any CPU
		{6267DBDD-8575-4521-825A-6A3C95C73D4D}.AppStore|x86.Build.0 = Debug|Any CPU
		{6267DBDD-8575-4521-825A-6A3C95C73D4D}.Debug|Any CPU.ActiveCfg = Debug|Any CPU
		{6267DBDD-8575-4521-825A-6A3C95C73D4D}.Debug|Any CPU.Build.0 = Debug|Any CPU
		{6267DBDD-8575-4521-825A-6A3C95C73D4D}.Debug|ARM.ActiveCfg = Debug|Any CPU
		{6267DBDD-8575-4521-825A-6A3C95C73D4D}.Debug|ARM.Build.0 = Debug|Any CPU
		{6267DBDD-8575-4521-825A-6A3C95C73D4D}.Debug|iPhone.ActiveCfg = Debug|Any CPU
		{6267DBDD-8575-4521-825A-6A3C95C73D4D}.Debug|iPhone.Build.0 = Debug|Any CPU
		{6267DBDD-8575-4521-825A-6A3C95C73D4D}.Debug|iPhoneSimulator.ActiveCfg = Debug|Any CPU
		{6267DBDD-8575-4521-825A-6A3C95C73D4D}.Debug|iPhoneSimulator.Build.0 = Debug|Any CPU
		{6267DBDD-8575-4521-825A-6A3C95C73D4D}.Debug|x64.ActiveCfg = Debug|Any CPU
		{6267DBDD-8575-4521-825A-6A3C95C73D4D}.Debug|x64.Build.0 = Debug|Any CPU
		{6267DBDD-8575-4521-825A-6A3C95C73D4D}.Debug|x86.ActiveCfg = Debug|Any CPU
		{6267DBDD-8575-4521-825A-6A3C95C73D4D}.Debug|x86.Build.0 = Debug|Any CPU
		{6267DBDD-8575-4521-825A-6A3C95C73D4D}.Release|Any CPU.ActiveCfg = Release|Any CPU
		{6267DBDD-8575-4521-825A-6A3C95C73D4D}.Release|Any CPU.Build.0 = Release|Any CPU
		{6267DBDD-8575-4521-825A-6A3C95C73D4D}.Release|ARM.ActiveCfg = Release|Any CPU
		{6267DBDD-8575-4521-825A-6A3C95C73D4D}.Release|ARM.Build.0 = Release|Any CPU
		{6267DBDD-8575-4521-825A-6A3C95C73D4D}.Release|iPhone.ActiveCfg = Release|Any CPU
		{6267DBDD-8575-4521-825A-6A3C95C73D4D}.Release|iPhone.Build.0 = Release|Any CPU
		{6267DBDD-8575-4521-825A-6A3C95C73D4D}.Release|iPhoneSimulator.ActiveCfg = Release|Any CPU
		{6267DBDD-8575-4521-825A-6A3C95C73D4D}.Release|iPhoneSimulator.Build.0 = Release|Any CPU
		{6267DBDD-8575-4521-825A-6A3C95C73D4D}.Release|x64.ActiveCfg = Release|Any CPU
		{6267DBDD-8575-4521-825A-6A3C95C73D4D}.Release|x64.Build.0 = Release|Any CPU
		{6267DBDD-8575-4521-825A-6A3C95C73D4D}.Release|x86.ActiveCfg = Release|Any CPU
		{6267DBDD-8575-4521-825A-6A3C95C73D4D}.Release|x86.Build.0 = Release|Any CPU
		{5F07BC36-FC78-4B16-AAB6-53C216B4B7B5}.Ad-Hoc|Any CPU.ActiveCfg = Debug|Any CPU
		{5F07BC36-FC78-4B16-AAB6-53C216B4B7B5}.Ad-Hoc|Any CPU.Build.0 = Debug|Any CPU
		{5F07BC36-FC78-4B16-AAB6-53C216B4B7B5}.Ad-Hoc|ARM.ActiveCfg = Debug|Any CPU
		{5F07BC36-FC78-4B16-AAB6-53C216B4B7B5}.Ad-Hoc|ARM.Build.0 = Debug|Any CPU
		{5F07BC36-FC78-4B16-AAB6-53C216B4B7B5}.Ad-Hoc|iPhone.ActiveCfg = Debug|Any CPU
		{5F07BC36-FC78-4B16-AAB6-53C216B4B7B5}.Ad-Hoc|iPhone.Build.0 = Debug|Any CPU
		{5F07BC36-FC78-4B16-AAB6-53C216B4B7B5}.Ad-Hoc|iPhoneSimulator.ActiveCfg = Debug|Any CPU
		{5F07BC36-FC78-4B16-AAB6-53C216B4B7B5}.Ad-Hoc|iPhoneSimulator.Build.0 = Debug|Any CPU
		{5F07BC36-FC78-4B16-AAB6-53C216B4B7B5}.Ad-Hoc|x64.ActiveCfg = Debug|Any CPU
		{5F07BC36-FC78-4B16-AAB6-53C216B4B7B5}.Ad-Hoc|x64.Build.0 = Debug|Any CPU
		{5F07BC36-FC78-4B16-AAB6-53C216B4B7B5}.Ad-Hoc|x86.ActiveCfg = Debug|Any CPU
		{5F07BC36-FC78-4B16-AAB6-53C216B4B7B5}.Ad-Hoc|x86.Build.0 = Debug|Any CPU
		{5F07BC36-FC78-4B16-AAB6-53C216B4B7B5}.AppStore|Any CPU.ActiveCfg = Debug|Any CPU
		{5F07BC36-FC78-4B16-AAB6-53C216B4B7B5}.AppStore|Any CPU.Build.0 = Debug|Any CPU
		{5F07BC36-FC78-4B16-AAB6-53C216B4B7B5}.AppStore|ARM.ActiveCfg = Debug|Any CPU
		{5F07BC36-FC78-4B16-AAB6-53C216B4B7B5}.AppStore|ARM.Build.0 = Debug|Any CPU
		{5F07BC36-FC78-4B16-AAB6-53C216B4B7B5}.AppStore|iPhone.ActiveCfg = Debug|Any CPU
		{5F07BC36-FC78-4B16-AAB6-53C216B4B7B5}.AppStore|iPhone.Build.0 = Debug|Any CPU
		{5F07BC36-FC78-4B16-AAB6-53C216B4B7B5}.AppStore|iPhoneSimulator.ActiveCfg = Debug|Any CPU
		{5F07BC36-FC78-4B16-AAB6-53C216B4B7B5}.AppStore|iPhoneSimulator.Build.0 = Debug|Any CPU
		{5F07BC36-FC78-4B16-AAB6-53C216B4B7B5}.AppStore|x64.ActiveCfg = Debug|Any CPU
		{5F07BC36-FC78-4B16-AAB6-53C216B4B7B5}.AppStore|x64.Build.0 = Debug|Any CPU
		{5F07BC36-FC78-4B16-AAB6-53C216B4B7B5}.AppStore|x86.ActiveCfg = Debug|Any CPU
		{5F07BC36-FC78-4B16-AAB6-53C216B4B7B5}.AppStore|x86.Build.0 = Debug|Any CPU
		{5F07BC36-FC78-4B16-AAB6-53C216B4B7B5}.Debug|Any CPU.ActiveCfg = Debug|Any CPU
		{5F07BC36-FC78-4B16-AAB6-53C216B4B7B5}.Debug|Any CPU.Build.0 = Debug|Any CPU
		{5F07BC36-FC78-4B16-AAB6-53C216B4B7B5}.Debug|ARM.ActiveCfg = Debug|Any CPU
		{5F07BC36-FC78-4B16-AAB6-53C216B4B7B5}.Debug|ARM.Build.0 = Debug|Any CPU
		{5F07BC36-FC78-4B16-AAB6-53C216B4B7B5}.Debug|iPhone.ActiveCfg = Debug|Any CPU
		{5F07BC36-FC78-4B16-AAB6-53C216B4B7B5}.Debug|iPhone.Build.0 = Debug|Any CPU
		{5F07BC36-FC78-4B16-AAB6-53C216B4B7B5}.Debug|iPhoneSimulator.ActiveCfg = Debug|Any CPU
		{5F07BC36-FC78-4B16-AAB6-53C216B4B7B5}.Debug|iPhoneSimulator.Build.0 = Debug|Any CPU
		{5F07BC36-FC78-4B16-AAB6-53C216B4B7B5}.Debug|x64.ActiveCfg = Debug|Any CPU
		{5F07BC36-FC78-4B16-AAB6-53C216B4B7B5}.Debug|x64.Build.0 = Debug|Any CPU
		{5F07BC36-FC78-4B16-AAB6-53C216B4B7B5}.Debug|x86.ActiveCfg = Debug|Any CPU
		{5F07BC36-FC78-4B16-AAB6-53C216B4B7B5}.Debug|x86.Build.0 = Debug|Any CPU
		{5F07BC36-FC78-4B16-AAB6-53C216B4B7B5}.Release|Any CPU.ActiveCfg = Release|Any CPU
		{5F07BC36-FC78-4B16-AAB6-53C216B4B7B5}.Release|Any CPU.Build.0 = Release|Any CPU
		{5F07BC36-FC78-4B16-AAB6-53C216B4B7B5}.Release|ARM.ActiveCfg = Release|Any CPU
		{5F07BC36-FC78-4B16-AAB6-53C216B4B7B5}.Release|ARM.Build.0 = Release|Any CPU
		{5F07BC36-FC78-4B16-AAB6-53C216B4B7B5}.Release|iPhone.ActiveCfg = Release|Any CPU
		{5F07BC36-FC78-4B16-AAB6-53C216B4B7B5}.Release|iPhone.Build.0 = Release|Any CPU
		{5F07BC36-FC78-4B16-AAB6-53C216B4B7B5}.Release|iPhoneSimulator.ActiveCfg = Release|Any CPU
		{5F07BC36-FC78-4B16-AAB6-53C216B4B7B5}.Release|iPhoneSimulator.Build.0 = Release|Any CPU
		{5F07BC36-FC78-4B16-AAB6-53C216B4B7B5}.Release|x64.ActiveCfg = Release|Any CPU
		{5F07BC36-FC78-4B16-AAB6-53C216B4B7B5}.Release|x64.Build.0 = Release|Any CPU
		{5F07BC36-FC78-4B16-AAB6-53C216B4B7B5}.Release|x86.ActiveCfg = Release|Any CPU
		{5F07BC36-FC78-4B16-AAB6-53C216B4B7B5}.Release|x86.Build.0 = Release|Any CPU
		{DBA5AA8B-908F-47D1-8A91-869CAD4884D3}.Ad-Hoc|Any CPU.ActiveCfg = Release|Any CPU
		{DBA5AA8B-908F-47D1-8A91-869CAD4884D3}.Ad-Hoc|Any CPU.Build.0 = Release|Any CPU
		{DBA5AA8B-908F-47D1-8A91-869CAD4884D3}.Ad-Hoc|ARM.ActiveCfg = Release|Any CPU
		{DBA5AA8B-908F-47D1-8A91-869CAD4884D3}.Ad-Hoc|ARM.Build.0 = Release|Any CPU
		{DBA5AA8B-908F-47D1-8A91-869CAD4884D3}.Ad-Hoc|iPhone.ActiveCfg = Release|Any CPU
		{DBA5AA8B-908F-47D1-8A91-869CAD4884D3}.Ad-Hoc|iPhone.Build.0 = Release|Any CPU
		{DBA5AA8B-908F-47D1-8A91-869CAD4884D3}.Ad-Hoc|iPhoneSimulator.ActiveCfg = Release|Any CPU
		{DBA5AA8B-908F-47D1-8A91-869CAD4884D3}.Ad-Hoc|iPhoneSimulator.Build.0 = Release|Any CPU
		{DBA5AA8B-908F-47D1-8A91-869CAD4884D3}.Ad-Hoc|x64.ActiveCfg = Release|Any CPU
		{DBA5AA8B-908F-47D1-8A91-869CAD4884D3}.Ad-Hoc|x64.Build.0 = Release|Any CPU
		{DBA5AA8B-908F-47D1-8A91-869CAD4884D3}.Ad-Hoc|x86.ActiveCfg = Release|Any CPU
		{DBA5AA8B-908F-47D1-8A91-869CAD4884D3}.Ad-Hoc|x86.Build.0 = Release|Any CPU
		{DBA5AA8B-908F-47D1-8A91-869CAD4884D3}.AppStore|Any CPU.ActiveCfg = Release|Any CPU
		{DBA5AA8B-908F-47D1-8A91-869CAD4884D3}.AppStore|Any CPU.Build.0 = Release|Any CPU
		{DBA5AA8B-908F-47D1-8A91-869CAD4884D3}.AppStore|ARM.ActiveCfg = Release|Any CPU
		{DBA5AA8B-908F-47D1-8A91-869CAD4884D3}.AppStore|ARM.Build.0 = Release|Any CPU
		{DBA5AA8B-908F-47D1-8A91-869CAD4884D3}.AppStore|iPhone.ActiveCfg = Release|Any CPU
		{DBA5AA8B-908F-47D1-8A91-869CAD4884D3}.AppStore|iPhone.Build.0 = Release|Any CPU
		{DBA5AA8B-908F-47D1-8A91-869CAD4884D3}.AppStore|iPhoneSimulator.ActiveCfg = Release|Any CPU
		{DBA5AA8B-908F-47D1-8A91-869CAD4884D3}.AppStore|iPhoneSimulator.Build.0 = Release|Any CPU
		{DBA5AA8B-908F-47D1-8A91-869CAD4884D3}.AppStore|x64.ActiveCfg = Release|Any CPU
		{DBA5AA8B-908F-47D1-8A91-869CAD4884D3}.AppStore|x64.Build.0 = Release|Any CPU
		{DBA5AA8B-908F-47D1-8A91-869CAD4884D3}.AppStore|x86.ActiveCfg = Release|Any CPU
		{DBA5AA8B-908F-47D1-8A91-869CAD4884D3}.AppStore|x86.Build.0 = Release|Any CPU
		{DBA5AA8B-908F-47D1-8A91-869CAD4884D3}.Debug|Any CPU.ActiveCfg = Debug|Any CPU
		{DBA5AA8B-908F-47D1-8A91-869CAD4884D3}.Debug|Any CPU.Build.0 = Debug|Any CPU
		{DBA5AA8B-908F-47D1-8A91-869CAD4884D3}.Debug|ARM.ActiveCfg = Debug|Any CPU
		{DBA5AA8B-908F-47D1-8A91-869CAD4884D3}.Debug|ARM.Build.0 = Debug|Any CPU
		{DBA5AA8B-908F-47D1-8A91-869CAD4884D3}.Debug|iPhone.ActiveCfg = Debug|Any CPU
		{DBA5AA8B-908F-47D1-8A91-869CAD4884D3}.Debug|iPhone.Build.0 = Debug|Any CPU
		{DBA5AA8B-908F-47D1-8A91-869CAD4884D3}.Debug|iPhoneSimulator.ActiveCfg = Debug|Any CPU
		{DBA5AA8B-908F-47D1-8A91-869CAD4884D3}.Debug|iPhoneSimulator.Build.0 = Debug|Any CPU
		{DBA5AA8B-908F-47D1-8A91-869CAD4884D3}.Debug|x64.ActiveCfg = Debug|Any CPU
		{DBA5AA8B-908F-47D1-8A91-869CAD4884D3}.Debug|x64.Build.0 = Debug|Any CPU
		{DBA5AA8B-908F-47D1-8A91-869CAD4884D3}.Debug|x86.ActiveCfg = Debug|Any CPU
		{DBA5AA8B-908F-47D1-8A91-869CAD4884D3}.Debug|x86.Build.0 = Debug|Any CPU
		{DBA5AA8B-908F-47D1-8A91-869CAD4884D3}.Release|Any CPU.ActiveCfg = Release|Any CPU
		{DBA5AA8B-908F-47D1-8A91-869CAD4884D3}.Release|Any CPU.Build.0 = Release|Any CPU
		{DBA5AA8B-908F-47D1-8A91-869CAD4884D3}.Release|ARM.ActiveCfg = Release|Any CPU
		{DBA5AA8B-908F-47D1-8A91-869CAD4884D3}.Release|ARM.Build.0 = Release|Any CPU
		{DBA5AA8B-908F-47D1-8A91-869CAD4884D3}.Release|iPhone.ActiveCfg = Release|Any CPU
		{DBA5AA8B-908F-47D1-8A91-869CAD4884D3}.Release|iPhone.Build.0 = Release|Any CPU
		{DBA5AA8B-908F-47D1-8A91-869CAD4884D3}.Release|iPhoneSimulator.ActiveCfg = Release|Any CPU
		{DBA5AA8B-908F-47D1-8A91-869CAD4884D3}.Release|iPhoneSimulator.Build.0 = Release|Any CPU
		{DBA5AA8B-908F-47D1-8A91-869CAD4884D3}.Release|x64.ActiveCfg = Release|Any CPU
		{DBA5AA8B-908F-47D1-8A91-869CAD4884D3}.Release|x64.Build.0 = Release|Any CPU
		{DBA5AA8B-908F-47D1-8A91-869CAD4884D3}.Release|x86.ActiveCfg = Release|Any CPU
		{DBA5AA8B-908F-47D1-8A91-869CAD4884D3}.Release|x86.Build.0 = Release|Any CPU
		{8E3F054A-0091-47F7-B871-E1A1897D7769}.Ad-Hoc|Any CPU.ActiveCfg = Debug|Any CPU
		{8E3F054A-0091-47F7-B871-E1A1897D7769}.Ad-Hoc|Any CPU.Build.0 = Debug|Any CPU
		{8E3F054A-0091-47F7-B871-E1A1897D7769}.Ad-Hoc|ARM.ActiveCfg = Debug|Any CPU
		{8E3F054A-0091-47F7-B871-E1A1897D7769}.Ad-Hoc|ARM.Build.0 = Debug|Any CPU
		{8E3F054A-0091-47F7-B871-E1A1897D7769}.Ad-Hoc|iPhone.ActiveCfg = Debug|Any CPU
		{8E3F054A-0091-47F7-B871-E1A1897D7769}.Ad-Hoc|iPhone.Build.0 = Debug|Any CPU
		{8E3F054A-0091-47F7-B871-E1A1897D7769}.Ad-Hoc|iPhoneSimulator.ActiveCfg = Debug|Any CPU
		{8E3F054A-0091-47F7-B871-E1A1897D7769}.Ad-Hoc|iPhoneSimulator.Build.0 = Debug|Any CPU
		{8E3F054A-0091-47F7-B871-E1A1897D7769}.Ad-Hoc|x64.ActiveCfg = Debug|Any CPU
		{8E3F054A-0091-47F7-B871-E1A1897D7769}.Ad-Hoc|x64.Build.0 = Debug|Any CPU
		{8E3F054A-0091-47F7-B871-E1A1897D7769}.Ad-Hoc|x86.ActiveCfg = Debug|Any CPU
		{8E3F054A-0091-47F7-B871-E1A1897D7769}.Ad-Hoc|x86.Build.0 = Debug|Any CPU
		{8E3F054A-0091-47F7-B871-E1A1897D7769}.AppStore|Any CPU.ActiveCfg = Debug|Any CPU
		{8E3F054A-0091-47F7-B871-E1A1897D7769}.AppStore|Any CPU.Build.0 = Debug|Any CPU
		{8E3F054A-0091-47F7-B871-E1A1897D7769}.AppStore|ARM.ActiveCfg = Debug|Any CPU
		{8E3F054A-0091-47F7-B871-E1A1897D7769}.AppStore|ARM.Build.0 = Debug|Any CPU
		{8E3F054A-0091-47F7-B871-E1A1897D7769}.AppStore|iPhone.ActiveCfg = Debug|Any CPU
		{8E3F054A-0091-47F7-B871-E1A1897D7769}.AppStore|iPhone.Build.0 = Debug|Any CPU
		{8E3F054A-0091-47F7-B871-E1A1897D7769}.AppStore|iPhoneSimulator.ActiveCfg = Debug|Any CPU
		{8E3F054A-0091-47F7-B871-E1A1897D7769}.AppStore|iPhoneSimulator.Build.0 = Debug|Any CPU
		{8E3F054A-0091-47F7-B871-E1A1897D7769}.AppStore|x64.ActiveCfg = Debug|Any CPU
		{8E3F054A-0091-47F7-B871-E1A1897D7769}.AppStore|x64.Build.0 = Debug|Any CPU
		{8E3F054A-0091-47F7-B871-E1A1897D7769}.AppStore|x86.ActiveCfg = Debug|Any CPU
		{8E3F054A-0091-47F7-B871-E1A1897D7769}.AppStore|x86.Build.0 = Debug|Any CPU
		{8E3F054A-0091-47F7-B871-E1A1897D7769}.Debug|Any CPU.ActiveCfg = Debug|Any CPU
		{8E3F054A-0091-47F7-B871-E1A1897D7769}.Debug|Any CPU.Build.0 = Debug|Any CPU
		{8E3F054A-0091-47F7-B871-E1A1897D7769}.Debug|ARM.ActiveCfg = Debug|Any CPU
		{8E3F054A-0091-47F7-B871-E1A1897D7769}.Debug|ARM.Build.0 = Debug|Any CPU
		{8E3F054A-0091-47F7-B871-E1A1897D7769}.Debug|iPhone.ActiveCfg = Debug|Any CPU
		{8E3F054A-0091-47F7-B871-E1A1897D7769}.Debug|iPhone.Build.0 = Debug|Any CPU
		{8E3F054A-0091-47F7-B871-E1A1897D7769}.Debug|iPhoneSimulator.ActiveCfg = Debug|Any CPU
		{8E3F054A-0091-47F7-B871-E1A1897D7769}.Debug|iPhoneSimulator.Build.0 = Debug|Any CPU
		{8E3F054A-0091-47F7-B871-E1A1897D7769}.Debug|x64.ActiveCfg = Debug|Any CPU
		{8E3F054A-0091-47F7-B871-E1A1897D7769}.Debug|x64.Build.0 = Debug|Any CPU
		{8E3F054A-0091-47F7-B871-E1A1897D7769}.Debug|x86.ActiveCfg = Debug|Any CPU
		{8E3F054A-0091-47F7-B871-E1A1897D7769}.Debug|x86.Build.0 = Debug|Any CPU
		{8E3F054A-0091-47F7-B871-E1A1897D7769}.Release|Any CPU.ActiveCfg = Release|Any CPU
		{8E3F054A-0091-47F7-B871-E1A1897D7769}.Release|Any CPU.Build.0 = Release|Any CPU
		{8E3F054A-0091-47F7-B871-E1A1897D7769}.Release|ARM.ActiveCfg = Release|Any CPU
		{8E3F054A-0091-47F7-B871-E1A1897D7769}.Release|ARM.Build.0 = Release|Any CPU
		{8E3F054A-0091-47F7-B871-E1A1897D7769}.Release|iPhone.ActiveCfg = Release|Any CPU
		{8E3F054A-0091-47F7-B871-E1A1897D7769}.Release|iPhone.Build.0 = Release|Any CPU
		{8E3F054A-0091-47F7-B871-E1A1897D7769}.Release|iPhoneSimulator.ActiveCfg = Release|Any CPU
		{8E3F054A-0091-47F7-B871-E1A1897D7769}.Release|iPhoneSimulator.Build.0 = Release|Any CPU
		{8E3F054A-0091-47F7-B871-E1A1897D7769}.Release|x64.ActiveCfg = Release|Any CPU
		{8E3F054A-0091-47F7-B871-E1A1897D7769}.Release|x64.Build.0 = Release|Any CPU
		{8E3F054A-0091-47F7-B871-E1A1897D7769}.Release|x86.ActiveCfg = Release|Any CPU
		{8E3F054A-0091-47F7-B871-E1A1897D7769}.Release|x86.Build.0 = Release|Any CPU
	EndGlobalSection
	GlobalSection(SolutionProperties) = preSolution
		HideSolutionNode = FALSE
	EndGlobalSection
	GlobalSection(ExtensibilityGlobals) = postSolution
		SolutionGuid = {005F368A-8B75-4C3D-A621-478BD337BD1E}
	EndGlobalSection
EndGlobal
